
Microsoft Visual Studio Solution File, Format Version 12.00
# Visual Studio Version 16
VisualStudioVersion = 16.0.30804.86
MinimumVisualStudioVersion = 10.0.40219.1
Project("{F184B08F-C81C-45F6-A57F-5ABD9991F28F}") = "fast-setup", "fast-setup\fast-setup.vbproj", "{A65B4853-D6AF-4008-806D-DED7C339F8A1}"
EndProject
Global
	GlobalSection(SolutionConfigurationPlatforms) = preSolution
		Debug|Any CPU = Debug|Any CPU
		Release|Any CPU = Release|Any CPU
	EndGlobalSection
	GlobalSection(ProjectConfigurationPlatforms) = postSolution
		{A65B4853-D6AF-4008-806D-DED7C339F8A1}.Debug|Any CPU.ActiveCfg = Debug|Any CPU
		{A65B4853-D6AF-4008-806D-DED7C339F8A1}.Debug|Any CPU.Build.0 = Debug|Any CPU
		{A65B4853-D6AF-4008-806D-DED7C339F8A1}.Release|Any CPU.ActiveCfg = Release|Any CPU
		{A65B4853-D6AF-4008-806D-DED7C339F8A1}.Release|Any CPU.Build.0 = Release|Any CPU
	EndGlobalSection
	GlobalSection(SolutionProperties) = preSolution
		HideSolutionNode = FALSE
	EndGlobalSection
	GlobalSection(ExtensibilityGlobals) = postSolution
		SolutionGuid = {2A77E938-9C45-400F-87C3-7D9CC2790A09}
	EndGlobalSection
EndGlobal
